
Microsoft Visual Studio Solution File, Format Version 12.00
# Visual Studio Version 17
VisualStudioVersion = 17.0.32002.185
MinimumVisualStudioVersion = 10.0.40219.1
Project("{FAE04EC0-301F-11D3-BF4B-00C04F79EFBC}") = "WebApplication1", "WebApplication1\WebApplication1.csproj", "{F64CAC3D-C08D-4766-A0F9-8B20DDD8BABD}"
EndProject
Global
	GlobalSection(SolutionConfigurationPlatforms) = preSolution
		Debug|Any CPU = Debug|Any CPU
		Release|Any CPU = Release|Any CPU
	EndGlobalSection
	GlobalSection(ProjectConfigurationPlatforms) = postSolution
		{F64CAC3D-C08D-4766-A0F9-8B20DDD8BABD}.Debug|Any CPU.ActiveCfg = Debug|Any CPU
		{F64CAC3D-C08D-4766-A0F9-8B20DDD8BABD}.Debug|Any CPU.Build.0 = Debug|Any CPU
		{F64CAC3D-C08D-4766-A0F9-8B20DDD8BABD}.Release|Any CPU.ActiveCfg = Release|Any CPU
		{F64CAC3D-C08D-4766-A0F9-8B20DDD8BABD}.Release|Any CPU.Build.0 = Release|Any CPU
	EndGlobalSection
	GlobalSection(SolutionProperties) = preSolution
		HideSolutionNode = FALSE
	EndGlobalSection
	GlobalSection(ExtensibilityGlobals) = postSolution
		SolutionGuid = {0858DA26-1424-445B-89AB-64DE1C58C40F}
	EndGlobalSection
EndGlobal
